
Microsoft Visual Studio Solution File, Format Version 12.00
# Visual Studio Version 16
VisualStudioVersion = 16.0.31613.86
MinimumVisualStudioVersion = 10.0.40219.1
Project("{FAE04EC0-301F-11D3-BF4B-00C04F79EFBC}") = "ReniecSomee", "ReniecSomee\ReniecSomee.csproj", "{0AAF40F0-9010-4C6D-A7D1-8E2E389B0051}"
EndProject
Project("{FAE04EC0-301F-11D3-BF4B-00C04F79EFBC}") = "ClienteReniecASP", "ClienteReniecASP\ClienteReniecASP.csproj", "{78143D0D-7CE8-4FF3-89F2-F2B735D032EA}"
EndProject
Project("{FAE04EC0-301F-11D3-BF4B-00C04F79EFBC}") = "ClienteReniecWindows", "ClienteReniecWindows\ClienteReniecWindows.csproj", "{DAE769BB-E33C-4D67-B305-2625DE3A1BFE}"
EndProject
Global
	GlobalSection(SolutionConfigurationPlatforms) = preSolution
		Debug|Any CPU = Debug|Any CPU
		Release|Any CPU = Release|Any CPU
	EndGlobalSection
	GlobalSection(ProjectConfigurationPlatforms) = postSolution
		{0AAF40F0-9010-4C6D-A7D1-8E2E389B0051}.Debug|Any CPU.ActiveCfg = Debug|Any CPU
		{0AAF40F0-9010-4C6D-A7D1-8E2E389B0051}.Debug|Any CPU.Build.0 = Debug|Any CPU
		{0AAF40F0-9010-4C6D-A7D1-8E2E389B0051}.Release|Any CPU.ActiveCfg = Release|Any CPU
		{0AAF40F0-9010-4C6D-A7D1-8E2E389B0051}.Release|Any CPU.Build.0 = Release|Any CPU
		{78143D0D-7CE8-4FF3-89F2-F2B735D032EA}.Debug|Any CPU.ActiveCfg = Debug|Any CPU
		{78143D0D-7CE8-4FF3-89F2-F2B735D032EA}.Debug|Any CPU.Build.0 = Debug|Any CPU
		{78143D0D-7CE8-4FF3-89F2-F2B735D032EA}.Release|Any CPU.ActiveCfg = Release|Any CPU
		{78143D0D-7CE8-4FF3-89F2-F2B735D032EA}.Release|Any CPU.Build.0 = Release|Any CPU
		{DAE769BB-E33C-4D67-B305-2625DE3A1BFE}.Debug|Any CPU.ActiveCfg = Debug|Any CPU
		{DAE769BB-E33C-4D67-B305-2625DE3A1BFE}.Debug|Any CPU.Build.0 = Debug|Any CPU
		{DAE769BB-E33C-4D67-B305-2625DE3A1BFE}.Release|Any CPU.ActiveCfg = Release|Any CPU
		{DAE769BB-E33C-4D67-B305-2625DE3A1BFE}.Release|Any CPU.Build.0 = Release|Any CPU
	EndGlobalSection
	GlobalSection(SolutionProperties) = preSolution
		HideSolutionNode = FALSE
	EndGlobalSection
	GlobalSection(ExtensibilityGlobals) = postSolution
		SolutionGuid = {3E2964D8-3254-407A-BA72-F0B8AB8549E8}
	EndGlobalSection
EndGlobal
